// !$*UTF8*$!
{
	archiveVersion = 1;
	classes = {
	};
	objectVersion = 46;
	objects = {

/* Begin PBXBuildFile section */
		680EBAFE1EBBEF6F00454634 /* main.m in Sources */ = {isa = PBXBuildFile; fileRef = 680EBAFD1EBBEF6F00454634 /* main.m */; };
		680EBB061EBBEF9E00454634 /* Doctor.m in Sources */ = {isa = PBXBuildFile; fileRef = 680EBB051EBBEF9E00454634 /* Doctor.m */; };
		680EBB091EBBEFAD00454634 /* Patient.m in Sources */ = {isa = PBXBuildFile; fileRef = 680EBB081EBBEFAD00454634 /* Patient.m */; };
/* End PBXBuildFile section */

/* Begin PBXCopyFilesBuildPhase section */
		680EBAF81EBBEF6F00454634 /* CopyFiles */ = {
			isa = PBXCopyFilesBuildPhase;
			buildActionMask = 2147483647;
			dstPath = /usr/share/man/man1/;
			dstSubfolderSpec = 0;
			files = (
			);
			runOnlyForDeploymentPostprocessing = 1;
		};
/* End PBXCopyFilesBuildPhase section */

/* Begin PBXFileReference section */
		680EBAFA1EBBEF6F00454634 /* Patient&doctor */ = {isa = PBXFileReference; explicitFileType = "compiled.mach-o.executable"; includeInIndex = 0; path = "Patient&doctor"; sourceTree = BUILT_PRODUCTS_DIR; };
		680EBAFD1EBBEF6F00454634 /* main.m */ = {isa = PBXFileReference; lastKnownFileType = sourcecode.c.objc; path = main.m; sourceTree = "<group>"; };
		680EBB041EBBEF9E00454634 /* Doctor.h */ = {isa = PBXFileReference; fileEncoding = 4; lastKnownFileType = sourcecode.c.h; path = Doctor.h; sourceTree = "<group>"; };
		680EBB051EBBEF9E00454634 /* Doctor.m */ = {isa = PBXFileReference; fileEncoding = 4; lastKnownFileType = sourcecode.c.objc; path = Doctor.m; sourceTree = "<group>"; };
		680EBB071EBBEFAD00454634 /* Patient.h */ = {isa = PBXFileReference; fileEncoding = 4; lastKnownFileType = sourcecode.c.h; path = Patient.h; sourceTree = "<group>"; };
		680EBB081EBBEFAD00454634 /* Patient.m */ = {isa = PBXFileReference; fileEncoding = 4; lastKnownFileType = sourcecode.c.objc; path = Patient.m; sourceTree = "<group>"; };
/* End PBXFileReference section */

/* Begin PBXFrameworksBuildPhase section */
		680EBAF71EBBEF6F00454634 /* Frameworks */ = {
			isa = PBXFrameworksBuildPhase;
			buildActionMask = 2147483647;
			files = (
			);
			runOnlyForDeploymentPostprocessing = 0;
		};
/* End PBXFrameworksBuildPhase section */

/* Begin PBXGroup section */
		680EBAF11EBBEF6F00454634 = {
			isa = PBXGroup;
			children = (
				680EBAFC1EBBEF6F00454634 /* Patient&doctor */,
				680EBAFB1EBBEF6F00454634 /* Products */,
			);
			sourceTree = "<group>";
		};
		680EBAFB1EBBEF6F00454634 /* Products */ = {
			isa = PBXGroup;
			children = (
				680EBAFA1EBBEF6F00454634 /* Patient&doctor */,
			);
			name = Products;
			sourceTree = "<group>";
		};
		680EBAFC1EBBEF6F00454634 /* Patient&doctor */ = {
			isa = PBXGroup;
			children = (
				680EBAFD1EBBEF6F00454634 /* main.m */,
				680EBB041EBBEF9E00454634 /* Doctor.h */,
				680EBB051EBBEF9E00454634 /* Doctor.m */,
				680EBB071EBBEFAD00454634 /* Patient.h */,
				680EBB081EBBEFAD00454634 /* Patient.m */,
			);
			path = "Patient&doctor";
			sourceTree = "<group>";
		};
/* End PBXGroup section */

/* Begin PBXNativeTarget section */
		680EBAF91EBBEF6F00454634 /* Patient&doctor */ = {
			isa = PBXNativeTarget;
			buildConfigurationList = 680EBB011EBBEF6F00454634 /* Build configuration list for PBXNativeTarget "Patient&doctor" */;
			buildPhases = (
				680EBAF61EBBEF6F00454634 /* Sources */,
				680EBAF71EBBEF6F00454634 /* Frameworks */,
				680EBAF81EBBEF6F00454634 /* CopyFiles */,
			);
			buildRules = (
			);
			dependencies = (
			);
			name = "Patient&doctor";
			productName = "Patient&doctor";
			productReference = 680EBAFA1EBBEF6F00454634 /* Patient&doctor */;
			productType = "com.apple.product-type.tool";
		};
/* End PBXNativeTarget section */

/* Begin PBXProject section */
		680EBAF21EBBEF6F00454634 /* Project object */ = {
			isa = PBXProject;
			attributes = {
				LastUpgradeCheck = 0830;
				ORGANIZATIONNAME = "KimSoo Ha";
				TargetAttributes = {
					680EBAF91EBBEF6F00454634 = {
						CreatedOnToolsVersion = 8.3.1;
						ProvisioningStyle = Automatic;
					};
				};
			};
			buildConfigurationList = 680EBAF51EBBEF6F00454634 /* Build configuration list for PBXProject "Patient&doctor" */;
			compatibilityVersion = "Xcode 3.2";
			developmentRegion = English;
			hasScannedForEncodings = 0;
			knownRegions = (
				en,
			);
			mainGroup = 680EBAF11EBBEF6F00454634;
			productRefGroup = 680EBAFB1EBBEF6F00454634 /* Products */;
			projectDirPath = "";
			projectRoot = "";
			targets = (
				680EBAF91EBBEF6F00454634 /* Patient&doctor */,
			);
		};
/* End PBXProject section */

/* Begin PBXSourcesBuildPhase section */
		680EBAF61EBBEF6F00454634 /* Sources */ = {
			isa = PBXSourcesBuildPhase;
			buildActionMask = 2147483647;
			files = (
				680EBB091EBBEFAD00454634 /* Patient.m in Sources */,
				680EBB061EBBEF9E00454634 /* Doctor.m in Sources */,
				680EBAFE1EBBEF6F00454634 /* main.m in Sources */,
			);
			runOnlyForDeploymentPostprocessing = 0;
		};
/* End PBXSourcesBuildPhase section */

/* Begin XCBuildConfiguration section */
		680EBAFF1EBBEF6F00454634 /* Debug */ = {
			isa = XCBuildConfiguration;
			buildSettings = {
				ALWAYS_SEARCH_USER_PATHS = NO;
				CLANG_ANALYZER_NONNULL = YES;
				CLANG_ANALYZER_NUMBER_OBJECT_CONVERSION = YES_AGGRESSIVE;
				CLANG_CXX_LANGUAGE_STANDARD = "gnu++0x";
				CLANG_CXX_LIBRARY = "libc++";
				CLANG_ENABLE_MODULES = YES;
				CLANG_ENABLE_OBJC_ARC = YES;
				CLANG_WARN_BOOL_CONVERSION = YES;
				CLANG_WARN_CONSTANT_CONVERSION = YES;
				CLANG_WARN_DIRECT_OBJC_ISA_USAGE = YES_ERROR;
				CLANG_WARN_DOCUMENTATION_COMMENTS = YES;
				CLANG_WARN_EMPTY_BODY = YES;
				CLANG_WARN_ENUM_CONVERSION = YES;
				CLANG_WARN_INFINITE_RECURSION = YES;
				CLANG_WARN_INT_CONVERSION = YES;
				CLANG_WARN_OBJC_ROOT_CLASS = YES_ERROR;
				CLANG_WARN_SUSPICIOUS_MOVE = YES;
				CLANG_WARN_UNREACHABLE_CODE = YES;
				CLANG_WARN__DUPLICATE_METHOD_MATCH = YES;
				CODE_SIGN_IDENTITY = "-";
				COPY_PHASE_STRIP = NO;
				DEBUG_INFORMATION_FORMAT = dwarf;
				ENABLE_STRICT_OBJC_MSGSEND = YES;
				ENABLE_TESTABILITY = YES;
				GCC_C_LANGUAGE_STANDARD = gnu99;
				GCC_DYNAMIC_NO_PIC = NO;
				GCC_NO_COMMON_BLOCKS = YES;
				GCC_OPTIMIZATION_LEVEL = 0;
				GCC_PREPROCESSOR_DEFINITIONS = (
					"DEBUG=1",
					"$(inherited)",
				);
				GCC_WARN_64_TO_32_BIT_CONVERSION = YES;
				GCC_WARN_ABOUT_RETURN_TYPE = YES_ERROR;
				GCC_WARN_UNDECLARED_SELECTOR = YES;
				GCC_WARN_UNINITIALIZED_AUTOS = YES_AGGRESSIVE;
				GCC_WARN_UNUSED_FUNCTION = YES;
				GCC_WARN_UNUSED_VARIABLE = YES;
				MACOSX_DEPLOYMENT_TARGET = 10.12;
				MTL_ENABLE_DEBUG_INFO = YES;
				ONLY_ACTIVE_ARCH = YES;
				SDKROOT = macosx;
			};
			name = Debug;
		};
		680EBB001EBBEF6F00454634 /* Release */ = {
			isa = XCBuildConfiguration;
			buildSettings = {
				ALWAYS_SEARCH_USER_PATHS = NO;
				CLANG_ANALYZER_NONNULL = YES;
				CLANG_ANALYZER_NUMBER_OBJECT_CONVERSION = YES_AGGRESSIVE;
				CLANG_CXX_LANGUAGE_STANDARD = "gnu++0x";
				CLANG_CXX_LIBRARY = "libc++";
				CLANG_ENABLE_MODULES = YES;
				CLANG_ENABLE_OBJC_ARC = YES;
				CLANG_WARN_BOOL_CONVERSION = YES;
				CLANG_WARN_CONSTANT_CONVERSION = YES;
				CLANG_WARN_DIRECT_OBJC_ISA_USAGE = YES_ERROR;
				CLANG_WARN_DOCUMENTATION_COMMENTS = YES;
				CLANG_WARN_EMPTY_BODY = YES;
				CLANG_WARN_ENUM_CONVERSION = YES;
				CLANG_WARN_INFINITE_RECURSION = YES;
				CLANG_WARN_INT_CONVERSION = YES;
				CLANG_WARN_OBJC_ROOT_CLASS = YES_ERROR;
				CLANG_WARN_SUSPICIOUS_MOVE = YES;
				CLANG_WARN_UNREACHABLE_CODE = YES;
				CLANG_WARN__DUPLICATE_METHOD_MATCH = YES;
				CODE_SIGN_IDENTITY = "-";
				COPY_PHASE_STRIP = NO;
				DEBUG_INFORMATION_FORMAT = "dwarf-with-dsym";
				ENABLE_NS_ASSERTIONS = NO;
				ENABLE_STRICT_OBJC_MSGSEND = YES;
				GCC_C_LANGUAGE_STANDARD = gnu99;
				GCC_NO_COMMON_BLOCKS = YES;
				GCC_WARN_64_TO_32_BIT_CONVERSION = YES;
				GCC_WARN_ABOUT_RETURN_TYPE = YES_ERROR;
				GCC_WARN_UNDECLARED_SELECTOR = YES;
				GCC_WARN_UNINITIALIZED_AUTOS = YES_AGGRESSIVE;
				GCC_WARN_UNUSED_FUNCTION = YES;
				GCC_WARN_UNUSED_VARIABLE = YES;
				MACOSX_DEPLOYMENT_TARGET = 10.12;
				MTL_ENABLE_DEBUG_INFO = NO;
				SDKROOT = macosx;
			};
			name = Release;
		};
		680EBB021EBBEF6F00454634 /* Debug */ = {
			isa = XCBuildConfiguration;
			buildSettings = {
				PRODUCT_NAME = "$(TARGET_NAME)";
			};
			name = Debug;
		};
		680EBB031EBBEF6F00454634 /* Release */ = {
			isa = XCBuildConfiguration;
			buildSettings = {
				PRODUCT_NAME = "$(TARGET_NAME)";
			};
			name = Release;
		};
/* End XCBuildConfiguration section */

/* Begin XCConfigurationList section */
		680EBAF51EBBEF6F00454634 /* Build configuration list for PBXProject "Patient&doctor" */ = {
			isa = XCConfigurationList;
			buildConfigurations = (
				680EBAFF1EBBEF6F00454634 /* Debug */,
				680EBB001EBBEF6F00454634 /* Release */,
			);
			defaultConfigurationIsVisible = 0;
			defaultConfigurationName = Release;
		};
		680EBB011EBBEF6F00454634 /* Build configuration list for PBXNativeTarget "Patient&doctor" */ = {
			isa = XCConfigurationList;
			buildConfigurations = (
				680EBB021EBBEF6F00454634 /* Debug */,
				680EBB031EBBEF6F00454634 /* Release */,
			);
			defaultConfigurationIsVisible = 0;
		};
/* End XCConfigurationList section */
	};
	rootObject = 680EBAF21EBBEF6F00454634 /* Project object */;
}
